
Microsoft Visual Studio Solution File, Format Version 12.00
# Visual Studio Version 17
VisualStudioVersion = 17.5.33627.172
MinimumVisualStudioVersion = 10.0.40219.1
Project("{FAE04EC0-301F-11D3-BF4B-00C04F79EFBC}") = "TestApp", "TestApp.csproj", "{92627E92-8125-450E-8D47-475B47F0ECEA}"
EndProject
Global
	GlobalSection(SolutionConfigurationPlatforms) = preSolution
		Debug|Any CPU = Debug|Any CPU
		Release|Any CPU = Release|Any CPU
	EndGlobalSection
	GlobalSection(ProjectConfigurationPlatforms) = postSolution
		{92627E92-8125-450E-8D47-475B47F0ECEA}.Debug|Any CPU.ActiveCfg = Debug|Any CPU
		{92627E92-8125-450E-8D47-475B47F0ECEA}.Debug|Any CPU.Build.0 = Debug|Any CPU
		{92627E92-8125-450E-8D47-475B47F0ECEA}.Release|Any CPU.ActiveCfg = Release|Any CPU
		{92627E92-8125-450E-8D47-475B47F0ECEA}.Release|Any CPU.Build.0 = Release|Any CPU
	EndGlobalSection
	GlobalSection(SolutionProperties) = preSolution
		HideSolutionNode = FALSE
	EndGlobalSection
	GlobalSection(ExtensibilityGlobals) = postSolution
		SolutionGuid = {521A7E00-26D0-494E-B6AF-8A314A3EB57D}
	EndGlobalSection
EndGlobal
